
Microsoft Visual Studio Solution File, Format Version 12.00
# Visual Studio Version 16
VisualStudioVersion = 16.0.29905.134
MinimumVisualStudioVersion = 10.0.40219.1
Project("{FAE04EC0-301F-11D3-BF4B-00C04F79EFBC}") = "quadraticEquator", "quadraticEquator\quadraticEquator.csproj", "{A5F4501B-15DD-4465-B0C1-FFC3C059BC9B}"
EndProject
Global
	GlobalSection(SolutionConfigurationPlatforms) = preSolution
		Debug|Any CPU = Debug|Any CPU
		Release|Any CPU = Release|Any CPU
	EndGlobalSection
	GlobalSection(ProjectConfigurationPlatforms) = postSolution
		{A5F4501B-15DD-4465-B0C1-FFC3C059BC9B}.Debug|Any CPU.ActiveCfg = Debug|Any CPU
		{A5F4501B-15DD-4465-B0C1-FFC3C059BC9B}.Debug|Any CPU.Build.0 = Debug|Any CPU
		{A5F4501B-15DD-4465-B0C1-FFC3C059BC9B}.Release|Any CPU.ActiveCfg = Release|Any CPU
		{A5F4501B-15DD-4465-B0C1-FFC3C059BC9B}.Release|Any CPU.Build.0 = Release|Any CPU
	EndGlobalSection
	GlobalSection(SolutionProperties) = preSolution
		HideSolutionNode = FALSE
	EndGlobalSection
	GlobalSection(ExtensibilityGlobals) = postSolution
		SolutionGuid = {722C2E44-6B80-468A-8472-22888EBA1E54}
	EndGlobalSection
EndGlobal
